<?xml version="1.0" encoding="utf-8"?>
<Project ToolsVersion="4.0" xmlns="http://schemas.microsoft.com/developer/msbuild/2003">
  <ItemGroup>
    <Filter Include="Logic">
      <UniqueIdentifier>{b244cfda-2dbb-4ed2-860a-60ae7f557c3c}</UniqueIdentifier>
    </Filter>
    <Filter Include="Core">
      <UniqueIdentifier>{dc974c9a-805f-48fd-8556-2efa35c130aa}</UniqueIdentifier>
    </Filter>
    <Filter Include="Function">
      <UniqueIdentifier>{33ab7fe4-88a6-41fa-8828-95478c8d3096}</UniqueIdentifier>
    </Filter>
    <Filter Include="Function\Render_Function">
      <UniqueIdentifier>{fa54d296-3bd1-4256-95b0-484c0f9c390c}</UniqueIdentifier>
    </Filter>
    <Filter Include="Core\Render_Core">
      <UniqueIdentifier>{35e0ecf3-f91c-44c8-8819-85201aa04615}</UniqueIdentifier>
    </Filter>
    <Filter Include="Core\Exception">
      <UniqueIdentifier>{b5e74143-e6b8-4073-8c07-3a8196265c45}</UniqueIdentifier>
    </Filter>
    <Filter Include="Core\Window">
      <UniqueIdentifier>{bceac423-4cdc-4244-b36a-7f21ac1473fe}</UniqueIdentifier>
    </Filter>
    <Filter Include="Core\Memory">
      <UniqueIdentifier>{1d41f65f-461e-4544-8d46-887c02888e63}</UniqueIdentifier>
    </Filter>
    <Filter Include="Core\Process">
      <UniqueIdentifier>{851cb229-7688-477f-9c76-ddbfd03e245f}</UniqueIdentifier>
    </Filter>
    <Filter Include="Resource">
      <UniqueIdentifier>{3eff622d-92db-4c51-aab6-8cf5a5c35387}</UniqueIdentifier>
    </Filter>
    <Filter Include="Core\Render_Core\Resource">
      <UniqueIdentifier>{90b2409e-67d1-489a-8d24-6a43a5fcb9ad}</UniqueIdentifier>
    </Filter>
    <Filter Include="Core\Render_Core\Render_API">
      <UniqueIdentifier>{12ea21b8-7eb6-4b13-8ee3-9c6355fb6ec7}</UniqueIdentifier>
    </Filter>
    <Filter Include="Core\File_Manager">
      <UniqueIdentifier>{dda91376-e6f9-4a82-b2a7-a17b4e97cd83}</UniqueIdentifier>
    </Filter>
  </ItemGroup>
  <ItemGroup>
    <ClCompile Include="dllmain.cpp">
      <Filter>Logic</Filter>
    </ClCompile>
    <ClCompile Include="Core\Render_Core\directx_render.cpp">
      <Filter>Core\Render_Core</Filter>
    </ClCompile>
    <ClCompile Include="Core\Window\s_window.cpp">
      <Filter>Core\Window</Filter>
    </ClCompile>
    <ClCompile Include="Core\Memory\s_memory.cpp">
      <Filter>Core\Memory</Filter>
    </ClCompile>
    <ClCompile Include="Core\Process\BProcess.cpp">
      <Filter>Core\Process</Filter>
    </ClCompile>
    <ClCompile Include="Function\Render_Function\deferred_rendering.cpp">
      <Filter>Function\Render_Function</Filter>
    </ClCompile>
    <ClCompile Include="Core\Render_Core\Resource\constant_pass.cpp">
      <Filter>Core\Render_Core\Resource</Filter>
    </ClCompile>
    <ClCompile Include="Core\Render_Core\Resource\gpu_resource.cpp">
      <Filter>Core\Render_Core\Resource</Filter>
    </ClCompile>
    <ClCompile Include="Function\Render_Function\render_system.cpp">
      <Filter>Function\Render_Function</Filter>
    </ClCompile>
    <ClCompile Include="Resource\s_resource_manager.cpp">
      <Filter>Resource</Filter>
    </ClCompile>
    <ClCompile Include="Resource\cg_object.cpp">
      <Filter>Resource</Filter>
    </ClCompile>
    <ClCompile Include="Core\File_Manager\s_fbx.cpp">
      <Filter>Core\File_Manager</Filter>
    </ClCompile>
    <ClCompile Include="Resource\cg_resource_factory.cpp">
      <Filter>Resource</Filter>
    </ClCompile>
  </ItemGroup>
  <ItemGroup>
    <ClInclude Include="framework.h">
      <Filter>Logic</Filter>
    </ClInclude>
    <ClInclude Include="stre_render.h" />
    <ClInclude Include="Core\Render_Core\render.h">
      <Filter>Core\Render_Core</Filter>
    </ClInclude>
    <ClInclude Include="Core\Render_Core\directx_render.h">
      <Filter>Core\Render_Core</Filter>
    </ClInclude>
    <ClInclude Include="Core\Exception\exception.h">
      <Filter>Core\Exception</Filter>
    </ClInclude>
    <ClInclude Include="Core\Window\s_window.h">
      <Filter>Core\Window</Filter>
    </ClInclude>
    <ClInclude Include="Core\Memory\s_memory.h">
      <Filter>Core\Memory</Filter>
    </ClInclude>
    <ClInclude Include="Core\Process\BProcess.h">
      <Filter>Core\Process</Filter>
    </ClInclude>
    <ClInclude Include="Function\Render_Function\deferred_rendering.h">
      <Filter>Function\Render_Function</Filter>
    </ClInclude>
    <ClInclude Include="Core\Render_Core\Resource\constant_pass.h">
      <Filter>Core\Render_Core\Resource</Filter>
    </ClInclude>
    <ClInclude Include="Core\Render_Core\Resource\gpu_resource.h">
      <Filter>Core\Render_Core\Resource</Filter>
    </ClInclude>
    <ClInclude Include="Core\Render_Core\Render_API\d3dx12.h">
      <Filter>Core\Render_Core\Render_API</Filter>
    </ClInclude>
    <ClInclude Include="Function\Render_Function\render_system.h">
      <Filter>Function\Render_Function</Filter>
    </ClInclude>
    <ClInclude Include="Resource\cg_object.h">
      <Filter>Resource</Filter>
    </ClInclude>
    <ClInclude Include="Core\File_Manager\s_fbx.h">
      <Filter>Core\File_Manager</Filter>
    </ClInclude>
    <ClInclude Include="Resource\cg_resource_factory.h">
      <Filter>Resource</Filter>
    </ClInclude>
  </ItemGroup>
</Project>